
Microsoft Visual Studio Solution File, Format Version 12.00
# Visual Studio 15
VisualStudioVersion = 15.0.26430.16
MinimumVisualStudioVersion = 10.0.40219.1
Project("{FAE04EC0-301F-11D3-BF4B-00C04F79EFBC}") = "EMS Cacher", "EMS Cacher\EMS Cacher.csproj", "{6CE20A42-564F-406D-97A5-B3CC65B0A75D}"
EndProject
Project("{54435603-DBB4-11D2-8724-00A0C9A8B90C}") = "EMS Setup", "EMS Setup\EMS Cacher Setup.vdproj", "{EEEF59BE-C879-42DA-AC91-4C06810D696D}"
EndProject
Project("{FAE04EC0-301F-11D3-BF4B-00C04F79EFBC}") = "EMS Configurator", "EMS Configurator\EMS Configurator.csproj", "{3CAB0BB5-7FAD-4BC9-9841-C9462F09DAC6}"
EndProject
Project("{FAE04EC0-301F-11D3-BF4B-00C04F79EFBC}") = "EMS Tester", "EMS Tester\EMS Tester.csproj", "{CC2730B9-D7EC-4CC4-9B81-E7A921D495AE}"
EndProject
Global
	GlobalSection(SolutionConfigurationPlatforms) = preSolution
		Debug|Any CPU = Debug|Any CPU
		Release|Any CPU = Release|Any CPU
	EndGlobalSection
	GlobalSection(ProjectConfigurationPlatforms) = postSolution
		{6CE20A42-564F-406D-97A5-B3CC65B0A75D}.Debug|Any CPU.ActiveCfg = Debug|Any CPU
		{6CE20A42-564F-406D-97A5-B3CC65B0A75D}.Debug|Any CPU.Build.0 = Debug|Any CPU
		{6CE20A42-564F-406D-97A5-B3CC65B0A75D}.Release|Any CPU.ActiveCfg = Release|Any CPU
		{6CE20A42-564F-406D-97A5-B3CC65B0A75D}.Release|Any CPU.Build.0 = Release|Any CPU
		{EEEF59BE-C879-42DA-AC91-4C06810D696D}.Debug|Any CPU.ActiveCfg = Release
		{EEEF59BE-C879-42DA-AC91-4C06810D696D}.Debug|Any CPU.Build.0 = Release
		{EEEF59BE-C879-42DA-AC91-4C06810D696D}.Release|Any CPU.ActiveCfg = Release
		{EEEF59BE-C879-42DA-AC91-4C06810D696D}.Release|Any CPU.Build.0 = Release
		{3CAB0BB5-7FAD-4BC9-9841-C9462F09DAC6}.Debug|Any CPU.ActiveCfg = Debug|Any CPU
		{3CAB0BB5-7FAD-4BC9-9841-C9462F09DAC6}.Debug|Any CPU.Build.0 = Debug|Any CPU
		{3CAB0BB5-7FAD-4BC9-9841-C9462F09DAC6}.Release|Any CPU.ActiveCfg = Release|Any CPU
		{3CAB0BB5-7FAD-4BC9-9841-C9462F09DAC6}.Release|Any CPU.Build.0 = Release|Any CPU
		{CC2730B9-D7EC-4CC4-9B81-E7A921D495AE}.Debug|Any CPU.ActiveCfg = Debug|Any CPU
		{CC2730B9-D7EC-4CC4-9B81-E7A921D495AE}.Debug|Any CPU.Build.0 = Debug|Any CPU
		{CC2730B9-D7EC-4CC4-9B81-E7A921D495AE}.Release|Any CPU.ActiveCfg = Release|Any CPU
		{CC2730B9-D7EC-4CC4-9B81-E7A921D495AE}.Release|Any CPU.Build.0 = Release|Any CPU
	EndGlobalSection
	GlobalSection(SolutionProperties) = preSolution
		HideSolutionNode = FALSE
	EndGlobalSection
EndGlobal
